
Microsoft Visual Studio Solution File, Format Version 12.00
# Visual Studio Version 16
VisualStudioVersion = 16.0.32228.343
MinimumVisualStudioVersion = 10.0.40219.1
Project("{FAE04EC0-301F-11D3-BF4B-00C04F79EFBC}") = "Examen", "Examen\Examen.csproj", "{87CC40EE-8544-4662-A89D-9C9C28AC4CDB}"
EndProject
Project("{FAE04EC0-301F-11D3-BF4B-00C04F79EFBC}") = "AppCore", "AppCore\AppCore.csproj", "{94F454DB-DD10-46BD-BF7E-DE4AC4A48701}"
EndProject
Project("{FAE04EC0-301F-11D3-BF4B-00C04F79EFBC}") = "Infraestructure", "Infraestructure\Infraestructure.csproj", "{D6B9A637-01BE-4173-BF00-E5F8BFFFBE78}"
EndProject
Project("{FAE04EC0-301F-11D3-BF4B-00C04F79EFBC}") = "Domain", "Domain\Domain.csproj", "{E29F7408-37E9-4142-9238-3D551CA5044A}"
EndProject
Global
	GlobalSection(SolutionConfigurationPlatforms) = preSolution
		Debug|Any CPU = Debug|Any CPU
		Release|Any CPU = Release|Any CPU
	EndGlobalSection
	GlobalSection(ProjectConfigurationPlatforms) = postSolution
		{87CC40EE-8544-4662-A89D-9C9C28AC4CDB}.Debug|Any CPU.ActiveCfg = Debug|Any CPU
		{87CC40EE-8544-4662-A89D-9C9C28AC4CDB}.Debug|Any CPU.Build.0 = Debug|Any CPU
		{87CC40EE-8544-4662-A89D-9C9C28AC4CDB}.Release|Any CPU.ActiveCfg = Release|Any CPU
		{87CC40EE-8544-4662-A89D-9C9C28AC4CDB}.Release|Any CPU.Build.0 = Release|Any CPU
		{94F454DB-DD10-46BD-BF7E-DE4AC4A48701}.Debug|Any CPU.ActiveCfg = Debug|Any CPU
		{94F454DB-DD10-46BD-BF7E-DE4AC4A48701}.Debug|Any CPU.Build.0 = Debug|Any CPU
		{94F454DB-DD10-46BD-BF7E-DE4AC4A48701}.Release|Any CPU.ActiveCfg = Release|Any CPU
		{94F454DB-DD10-46BD-BF7E-DE4AC4A48701}.Release|Any CPU.Build.0 = Release|Any CPU
		{D6B9A637-01BE-4173-BF00-E5F8BFFFBE78}.Debug|Any CPU.ActiveCfg = Debug|Any CPU
		{D6B9A637-01BE-4173-BF00-E5F8BFFFBE78}.Debug|Any CPU.Build.0 = Debug|Any CPU
		{D6B9A637-01BE-4173-BF00-E5F8BFFFBE78}.Release|Any CPU.ActiveCfg = Release|Any CPU
		{D6B9A637-01BE-4173-BF00-E5F8BFFFBE78}.Release|Any CPU.Build.0 = Release|Any CPU
		{E29F7408-37E9-4142-9238-3D551CA5044A}.Debug|Any CPU.ActiveCfg = Debug|Any CPU
		{E29F7408-37E9-4142-9238-3D551CA5044A}.Debug|Any CPU.Build.0 = Debug|Any CPU
		{E29F7408-37E9-4142-9238-3D551CA5044A}.Release|Any CPU.ActiveCfg = Release|Any CPU
		{E29F7408-37E9-4142-9238-3D551CA5044A}.Release|Any CPU.Build.0 = Release|Any CPU
	EndGlobalSection
	GlobalSection(SolutionProperties) = preSolution
		HideSolutionNode = FALSE
	EndGlobalSection
	GlobalSection(ExtensibilityGlobals) = postSolution
		SolutionGuid = {583A89A2-B5E8-4E06-B29B-A745042F4F80}
	EndGlobalSection
EndGlobal
